{
  "name": "example",
  "version": "1.0.0",
  "lockfileVersion": 3,
  "requires": true,
  "packages": {
    "": {
      "name": "example",
      "version": "1.0.0",
      "license": "ISC",
      "dependencies": {
        "carbon-http": "^2.0.1",
        "carbon-http-local": "../dist",
        "prettier": "^3.6.2"
      }
    },
    "../dist": {},
    "node_modules/carbon-http": {
      "version": "2.0.1",
      "resolved": "https://registry.npmjs.org/carbon-http/-/carbon-http-2.0.1.tgz",
      "integrity": "sha512-ljcwoeItV+OHCETqi4d6UM2Os4ysd2lAE1PVYXtfpueECL6aGAmM2p5aHOrtIGZ0QNw+f9o8+iGgf8Dcx9a53g==",
      "license": "Apache-2.0"
    },
    "node_modules/carbon-http-local": {
      "resolved": "../dist",
      "link": true
    },
    "node_modules/prettier": {
      "version": "3.6.2",
      "resolved": "https://registry.npmjs.org/prettier/-/prettier-3.6.2.tgz",
      "integrity": "sha512-I7AIg5boAr5R0FFtJ6rCfD+LFsWHp81dolrFD8S79U9tb8Az2nGrJncnMSnys+bpQJfRUzqs9hnA81OAA3hCuQ==",
      "license": "MIT",
      "bin": {
        "prettier": "bin/prettier.cjs"
      },
      "engines": {
        "node": ">=14"
      },
      "funding": {
        "url": "https://github.com/prettier/prettier?sponsor=1"
      }
    }
  }
}
