{
  "name": "example",
  "version": "1.0.0",
  "lockfileVersion": 3,
  "requires": true,
  "packages": {
    "": {
      "name": "example",
      "version": "1.0.0",
      "license": "ISC",
      "dependencies": {
        "carbon-http": "^2.0.1",
        "carbon-http-local": "../dist"
      }
    },
    "../dist": {},
    "node_modules/carbon-http": {
      "version": "2.0.1",
      "resolved": "https://registry.npmjs.org/carbon-http/-/carbon-http-2.0.1.tgz",
      "integrity": "sha512-ljcwoeItV+OHCETqi4d6UM2Os4ysd2lAE1PVYXtfpueECL6aGAmM2p5aHOrtIGZ0QNw+f9o8+iGgf8Dcx9a53g==",
      "license": "Apache-2.0"
    },
    "node_modules/carbon-http-local": {
      "resolved": "../dist",
      "link": true
    }
  }
}
