{
  "name": "example",
  "version": "1.0.0",
  "lockfileVersion": 3,
  "requires": true,
  "packages": {
    "": {
      "name": "example",
      "version": "1.0.0",
      "license": "ISC",
      "dependencies": {
        "carbon-http": "^1.0.3",
        "carbon-http-local": "../dist"
      }
    },
    "../dist": {},
    "node_modules/carbon-http": {
      "version": "1.0.3",
      "resolved": "https://registry.npmjs.org/carbon-http/-/carbon-http-1.0.3.tgz",
      "integrity": "sha512-eaW1pEQXw6tYvDW2puOY3yXJK1dLdYKaM2ptaQ3S9ptlT4JdApvAM/xzI63slGc9InY5vvO7r0lSxtgBAWAGnQ==",
      "license": "MIT"
    },
    "node_modules/carbon-http-local": {
      "resolved": "../dist",
      "link": true
    }
  }
}
